
Microsoft Visual Studio Solution File, Format Version 12.00
# Visual Studio Version 16
VisualStudioVersion = 16.0.31205.134
MinimumVisualStudioVersion = 10.0.40219.1
Project("{FAE04EC0-301F-11D3-BF4B-00C04F79EFBC}") = "TelecomSoftwareTask", "TelecomSoftwareTask\TelecomSoftwareTask.csproj", "{B2B1A6BB-1128-49A6-B78B-051F329F27C0}"
EndProject
Project("{FAE04EC0-301F-11D3-BF4B-00C04F79EFBC}") = "Persons", "Persons\Persons.csproj", "{B39CF722-FE10-45E6-84C3-22517A6F74A6}"
EndProject
Global
	GlobalSection(SolutionConfigurationPlatforms) = preSolution
		Debug|Any CPU = Debug|Any CPU
		Release|Any CPU = Release|Any CPU
	EndGlobalSection
	GlobalSection(ProjectConfigurationPlatforms) = postSolution
		{B2B1A6BB-1128-49A6-B78B-051F329F27C0}.Debug|Any CPU.ActiveCfg = Debug|Any CPU
		{B2B1A6BB-1128-49A6-B78B-051F329F27C0}.Debug|Any CPU.Build.0 = Debug|Any CPU
		{B2B1A6BB-1128-49A6-B78B-051F329F27C0}.Release|Any CPU.ActiveCfg = Release|Any CPU
		{B2B1A6BB-1128-49A6-B78B-051F329F27C0}.Release|Any CPU.Build.0 = Release|Any CPU
		{B39CF722-FE10-45E6-84C3-22517A6F74A6}.Debug|Any CPU.ActiveCfg = Debug|Any CPU
		{B39CF722-FE10-45E6-84C3-22517A6F74A6}.Debug|Any CPU.Build.0 = Debug|Any CPU
		{B39CF722-FE10-45E6-84C3-22517A6F74A6}.Release|Any CPU.ActiveCfg = Release|Any CPU
		{B39CF722-FE10-45E6-84C3-22517A6F74A6}.Release|Any CPU.Build.0 = Release|Any CPU
	EndGlobalSection
	GlobalSection(SolutionProperties) = preSolution
		HideSolutionNode = FALSE
	EndGlobalSection
	GlobalSection(ExtensibilityGlobals) = postSolution
		SolutionGuid = {695B695E-44BA-47EE-A55B-9A0FD4EACE78}
	EndGlobalSection
EndGlobal
